
Microsoft Visual Studio Solution File, Format Version 12.00
# Visual Studio Version 16
VisualStudioVersion = 16.0.30330.147
MinimumVisualStudioVersion = 10.0.40219.1
Project("{FAE04EC0-301F-11D3-BF4B-00C04F79EFBC}") = "ValueTaskEvaluator", "ValueTaskEvaluator\ValueTaskEvaluator.csproj", "{37C6F93A-A3BC-492B-BCD8-9644CD574500}"
EndProject
Global
	GlobalSection(SolutionConfigurationPlatforms) = preSolution
		Debug|Any CPU = Debug|Any CPU
		Release|Any CPU = Release|Any CPU
	EndGlobalSection
	GlobalSection(ProjectConfigurationPlatforms) = postSolution
		{37C6F93A-A3BC-492B-BCD8-9644CD574500}.Debug|Any CPU.ActiveCfg = Debug|Any CPU
		{37C6F93A-A3BC-492B-BCD8-9644CD574500}.Debug|Any CPU.Build.0 = Debug|Any CPU
		{37C6F93A-A3BC-492B-BCD8-9644CD574500}.Release|Any CPU.ActiveCfg = Release|Any CPU
		{37C6F93A-A3BC-492B-BCD8-9644CD574500}.Release|Any CPU.Build.0 = Release|Any CPU
	EndGlobalSection
	GlobalSection(SolutionProperties) = preSolution
		HideSolutionNode = FALSE
	EndGlobalSection
	GlobalSection(ExtensibilityGlobals) = postSolution
		SolutionGuid = {55CBE8F6-24F8-41FF-86A7-596AE8192B8C}
	EndGlobalSection
EndGlobal
